
Microsoft Visual Studio Solution File, Format Version 12.00
# Visual Studio Version 17
VisualStudioVersion = 17.4.33205.214
MinimumVisualStudioVersion = 10.0.40219.1
Project("{FAE04EC0-301F-11D3-BF4B-00C04F79EFBC}") = "FactoryOnAggregate", "FactoryOnAggregate\FactoryOnAggregate.csproj", "{2D60757D-30EE-4B3E-8659-97A790351112}"
EndProject
Global
	GlobalSection(SolutionConfigurationPlatforms) = preSolution
		Debug|Any CPU = Debug|Any CPU
		Release|Any CPU = Release|Any CPU
	EndGlobalSection
	GlobalSection(ProjectConfigurationPlatforms) = postSolution
		{2D60757D-30EE-4B3E-8659-97A790351112}.Debug|Any CPU.ActiveCfg = Debug|Any CPU
		{2D60757D-30EE-4B3E-8659-97A790351112}.Debug|Any CPU.Build.0 = Debug|Any CPU
		{2D60757D-30EE-4B3E-8659-97A790351112}.Release|Any CPU.ActiveCfg = Release|Any CPU
		{2D60757D-30EE-4B3E-8659-97A790351112}.Release|Any CPU.Build.0 = Release|Any CPU
	EndGlobalSection
	GlobalSection(SolutionProperties) = preSolution
		HideSolutionNode = FALSE
	EndGlobalSection
	GlobalSection(ExtensibilityGlobals) = postSolution
		SolutionGuid = {80882471-7E12-42DB-B46A-D6829B37742E}
	EndGlobalSection
EndGlobal
