
Microsoft Visual Studio Solution File, Format Version 12.00
# Visual Studio Version 17
VisualStudioVersion = 17.4.33205.214
MinimumVisualStudioVersion = 10.0.40219.1
Project("{2150E333-8FDC-42A3-9474-1A3956D46DE8}") = "Single-Aggregate-Approach", "Single-Aggregate-Approach", "{66DBE179-3C4F-455C-8BAB-7E78FC72FCFB}"
EndProject
Project("{FAE04EC0-301F-11D3-BF4B-00C04F79EFBC}") = "SA.Domain", "SA.Domain\SA.Domain.csproj", "{9FC189F7-3C28-42A5-A46A-9599BCC0C004}"
EndProject
Project("{FAE04EC0-301F-11D3-BF4B-00C04F79EFBC}") = "SA.Domain.Tests.Unit", "SA.Domain.Tests.Unit\SA.Domain.Tests.Unit.csproj", "{1E481AA8-C2F5-4A45-942D-7305586DFE27}"
EndProject
Global
	GlobalSection(SolutionConfigurationPlatforms) = preSolution
		Debug|Any CPU = Debug|Any CPU
		Release|Any CPU = Release|Any CPU
	EndGlobalSection
	GlobalSection(ProjectConfigurationPlatforms) = postSolution
		{9FC189F7-3C28-42A5-A46A-9599BCC0C004}.Debug|Any CPU.ActiveCfg = Debug|Any CPU
		{9FC189F7-3C28-42A5-A46A-9599BCC0C004}.Debug|Any CPU.Build.0 = Debug|Any CPU
		{9FC189F7-3C28-42A5-A46A-9599BCC0C004}.Release|Any CPU.ActiveCfg = Release|Any CPU
		{9FC189F7-3C28-42A5-A46A-9599BCC0C004}.Release|Any CPU.Build.0 = Release|Any CPU
		{1E481AA8-C2F5-4A45-942D-7305586DFE27}.Debug|Any CPU.ActiveCfg = Debug|Any CPU
		{1E481AA8-C2F5-4A45-942D-7305586DFE27}.Debug|Any CPU.Build.0 = Debug|Any CPU
		{1E481AA8-C2F5-4A45-942D-7305586DFE27}.Release|Any CPU.ActiveCfg = Release|Any CPU
		{1E481AA8-C2F5-4A45-942D-7305586DFE27}.Release|Any CPU.Build.0 = Release|Any CPU
	EndGlobalSection
	GlobalSection(SolutionProperties) = preSolution
		HideSolutionNode = FALSE
	EndGlobalSection
	GlobalSection(NestedProjects) = preSolution
		{9FC189F7-3C28-42A5-A46A-9599BCC0C004} = {66DBE179-3C4F-455C-8BAB-7E78FC72FCFB}
		{1E481AA8-C2F5-4A45-942D-7305586DFE27} = {66DBE179-3C4F-455C-8BAB-7E78FC72FCFB}
	EndGlobalSection
	GlobalSection(ExtensibilityGlobals) = postSolution
		SolutionGuid = {0A872BBF-C103-41C0-9DA7-9B027B8470C8}
	EndGlobalSection
EndGlobal
