
Microsoft Visual Studio Solution File, Format Version 12.00
# Visual Studio Version 16
VisualStudioVersion = 16.0.31205.134
MinimumVisualStudioVersion = 10.0.40219.1
Project("{FAE04EC0-301F-11D3-BF4B-00C04F79EFBC}") = "CompositionOverInheritance", "CompositionOverInheritance\CompositionOverInheritance.csproj", "{661EBCB0-E560-47FA-BEE6-97529AA3D17E}"
EndProject
Project("{FAE04EC0-301F-11D3-BF4B-00C04F79EFBC}") = "CompositionOverInheritance.Tests", "CompositionOverInheritance.Tests\CompositionOverInheritance.Tests.csproj", "{B70219A5-AA25-4B65-9772-CF19B59D4861}"
EndProject
Global
	GlobalSection(SolutionConfigurationPlatforms) = preSolution
		Debug|Any CPU = Debug|Any CPU
		Release|Any CPU = Release|Any CPU
	EndGlobalSection
	GlobalSection(ProjectConfigurationPlatforms) = postSolution
		{661EBCB0-E560-47FA-BEE6-97529AA3D17E}.Debug|Any CPU.ActiveCfg = Debug|Any CPU
		{661EBCB0-E560-47FA-BEE6-97529AA3D17E}.Debug|Any CPU.Build.0 = Debug|Any CPU
		{661EBCB0-E560-47FA-BEE6-97529AA3D17E}.Release|Any CPU.ActiveCfg = Release|Any CPU
		{661EBCB0-E560-47FA-BEE6-97529AA3D17E}.Release|Any CPU.Build.0 = Release|Any CPU
		{B70219A5-AA25-4B65-9772-CF19B59D4861}.Debug|Any CPU.ActiveCfg = Debug|Any CPU
		{B70219A5-AA25-4B65-9772-CF19B59D4861}.Debug|Any CPU.Build.0 = Debug|Any CPU
		{B70219A5-AA25-4B65-9772-CF19B59D4861}.Release|Any CPU.ActiveCfg = Release|Any CPU
		{B70219A5-AA25-4B65-9772-CF19B59D4861}.Release|Any CPU.Build.0 = Release|Any CPU
	EndGlobalSection
	GlobalSection(SolutionProperties) = preSolution
		HideSolutionNode = FALSE
	EndGlobalSection
	GlobalSection(ExtensibilityGlobals) = postSolution
		SolutionGuid = {0059EFAD-B0DB-497F-8286-71B9A9085878}
	EndGlobalSection
EndGlobal
