
Microsoft Visual Studio Solution File, Format Version 12.00
# Visual Studio Version 16
VisualStudioVersion = 16.0.31205.134
MinimumVisualStudioVersion = 10.0.40219.1
Project("{FAE04EC0-301F-11D3-BF4B-00C04F79EFBC}") = "BasicIteratorSample", "BasicIteratorSample\BasicIteratorSample.csproj", "{26EDFBC5-3F80-4391-B451-20E3626E8E5E}"
EndProject
Project("{FAE04EC0-301F-11D3-BF4B-00C04F79EFBC}") = "DotNetIterators", "DotNetIterators\DotNetIterators.csproj", "{50668F9C-1696-4508-B61D-5AB3F6CED0C2}"
EndProject
Global
	GlobalSection(SolutionConfigurationPlatforms) = preSolution
		Debug|Any CPU = Debug|Any CPU
		Release|Any CPU = Release|Any CPU
	EndGlobalSection
	GlobalSection(ProjectConfigurationPlatforms) = postSolution
		{26EDFBC5-3F80-4391-B451-20E3626E8E5E}.Debug|Any CPU.ActiveCfg = Debug|Any CPU
		{26EDFBC5-3F80-4391-B451-20E3626E8E5E}.Debug|Any CPU.Build.0 = Debug|Any CPU
		{26EDFBC5-3F80-4391-B451-20E3626E8E5E}.Release|Any CPU.ActiveCfg = Release|Any CPU
		{26EDFBC5-3F80-4391-B451-20E3626E8E5E}.Release|Any CPU.Build.0 = Release|Any CPU
		{50668F9C-1696-4508-B61D-5AB3F6CED0C2}.Debug|Any CPU.ActiveCfg = Debug|Any CPU
		{50668F9C-1696-4508-B61D-5AB3F6CED0C2}.Debug|Any CPU.Build.0 = Debug|Any CPU
		{50668F9C-1696-4508-B61D-5AB3F6CED0C2}.Release|Any CPU.ActiveCfg = Release|Any CPU
		{50668F9C-1696-4508-B61D-5AB3F6CED0C2}.Release|Any CPU.Build.0 = Release|Any CPU
	EndGlobalSection
	GlobalSection(SolutionProperties) = preSolution
		HideSolutionNode = FALSE
	EndGlobalSection
	GlobalSection(ExtensibilityGlobals) = postSolution
		SolutionGuid = {A110AAFD-CFF0-480E-BEC8-7C44C765F124}
	EndGlobalSection
EndGlobal
