
Microsoft Visual Studio Solution File, Format Version 12.00
# Visual Studio Version 16
VisualStudioVersion = 16.0.31205.134
MinimumVisualStudioVersion = 10.0.40219.1
Project("{FAE04EC0-301F-11D3-BF4B-00C04F79EFBC}") = "Sales", "Sales\Sales.csproj", "{C5896BC8-E77D-4208-828B-4DC3CCB5E764}"
EndProject
Global
	GlobalSection(SolutionConfigurationPlatforms) = preSolution
		Debug|Any CPU = Debug|Any CPU
		Release|Any CPU = Release|Any CPU
	EndGlobalSection
	GlobalSection(ProjectConfigurationPlatforms) = postSolution
		{C5896BC8-E77D-4208-828B-4DC3CCB5E764}.Debug|Any CPU.ActiveCfg = Debug|Any CPU
		{C5896BC8-E77D-4208-828B-4DC3CCB5E764}.Debug|Any CPU.Build.0 = Debug|Any CPU
		{C5896BC8-E77D-4208-828B-4DC3CCB5E764}.Release|Any CPU.ActiveCfg = Release|Any CPU
		{C5896BC8-E77D-4208-828B-4DC3CCB5E764}.Release|Any CPU.Build.0 = Release|Any CPU
	EndGlobalSection
	GlobalSection(SolutionProperties) = preSolution
		HideSolutionNode = FALSE
	EndGlobalSection
	GlobalSection(ExtensibilityGlobals) = postSolution
		SolutionGuid = {3408A4BB-7581-4E61-AF83-15904FBFBB02}
	EndGlobalSection
EndGlobal
