
Microsoft Visual Studio Solution File, Format Version 12.00
# Visual Studio Version 16
VisualStudioVersion = 16.0.31205.134
MinimumVisualStudioVersion = 10.0.40219.1
Project("{2150E333-8FDC-42A3-9474-1A3956D46DE8}") = "01", "01", "{C6FD35E0-0CE0-42DE-9C88-D0C9F2245E15}"
EndProject
Project("{9A19103F-16F7-4668-BE54-9A1E7A4F7556}") = "SimpleUrlBuilder", "SimpleUrlBuilder\SimpleUrlBuilder.csproj", "{2368D2E0-2811-443F-9DF0-682437DCC024}"
EndProject
Project("{9A19103F-16F7-4668-BE54-9A1E7A4F7556}") = "SimpleUrlBuilder.Tests", "SimpleUrlBuilder.Tests\SimpleUrlBuilder.Tests.csproj", "{28E3F301-F6D0-4941-A4A4-43493F85775F}"
EndProject
Project("{2150E333-8FDC-42A3-9474-1A3956D46DE8}") = "03", "03", "{2C51AFD6-38BA-485C-891F-6FB1F272BA87}"
EndProject
Project("{9A19103F-16F7-4668-BE54-9A1E7A4F7556}") = "Dom", "Dom\Dom.csproj", "{B57ABE1E-C949-42F8-8CA0-18A9722F2FE7}"
EndProject
Project("{9A19103F-16F7-4668-BE54-9A1E7A4F7556}") = "Dom.Tests", "Dom.Tests\Dom.Tests.csproj", "{583DEB70-E1DA-43BB-93AD-923D8E59346F}"
EndProject
Project("{2150E333-8FDC-42A3-9474-1A3956D46DE8}") = "04", "04", "{0CEEE541-38C4-45EE-B04D-A8878CC7088D}"
EndProject
Project("{9A19103F-16F7-4668-BE54-9A1E7A4F7556}") = "Sales", "Sales\Sales.csproj", "{486A8ECB-0930-4D20-BA82-676E6B841B14}"
EndProject
Project("{2150E333-8FDC-42A3-9474-1A3956D46DE8}") = "02", "02", "{6256B3FC-9B3A-439A-ABAE-A77716813DE9}"
EndProject
Project("{9A19103F-16F7-4668-BE54-9A1E7A4F7556}") = "RestLibrary", "RestLibrary\RestLibrary.csproj", "{1BF980C1-23D8-466D-B731-1768909E7AF0}"
EndProject
Project("{9A19103F-16F7-4668-BE54-9A1E7A4F7556}") = "RestLibrary.Tests", "RestLibrary.Tests\RestLibrary.Tests.csproj", "{951A59EE-14A0-4EA2-8052-5D2D645F41F8}"
EndProject
Global
	GlobalSection(SolutionConfigurationPlatforms) = preSolution
		Debug|Any CPU = Debug|Any CPU
		Release|Any CPU = Release|Any CPU
	EndGlobalSection
	GlobalSection(ProjectConfigurationPlatforms) = postSolution
		{2368D2E0-2811-443F-9DF0-682437DCC024}.Debug|Any CPU.ActiveCfg = Debug|Any CPU
		{2368D2E0-2811-443F-9DF0-682437DCC024}.Debug|Any CPU.Build.0 = Debug|Any CPU
		{2368D2E0-2811-443F-9DF0-682437DCC024}.Release|Any CPU.ActiveCfg = Release|Any CPU
		{2368D2E0-2811-443F-9DF0-682437DCC024}.Release|Any CPU.Build.0 = Release|Any CPU
		{28E3F301-F6D0-4941-A4A4-43493F85775F}.Debug|Any CPU.ActiveCfg = Debug|Any CPU
		{28E3F301-F6D0-4941-A4A4-43493F85775F}.Debug|Any CPU.Build.0 = Debug|Any CPU
		{28E3F301-F6D0-4941-A4A4-43493F85775F}.Release|Any CPU.ActiveCfg = Release|Any CPU
		{28E3F301-F6D0-4941-A4A4-43493F85775F}.Release|Any CPU.Build.0 = Release|Any CPU
		{B57ABE1E-C949-42F8-8CA0-18A9722F2FE7}.Debug|Any CPU.ActiveCfg = Debug|Any CPU
		{B57ABE1E-C949-42F8-8CA0-18A9722F2FE7}.Debug|Any CPU.Build.0 = Debug|Any CPU
		{B57ABE1E-C949-42F8-8CA0-18A9722F2FE7}.Release|Any CPU.ActiveCfg = Release|Any CPU
		{B57ABE1E-C949-42F8-8CA0-18A9722F2FE7}.Release|Any CPU.Build.0 = Release|Any CPU
		{583DEB70-E1DA-43BB-93AD-923D8E59346F}.Debug|Any CPU.ActiveCfg = Debug|Any CPU
		{583DEB70-E1DA-43BB-93AD-923D8E59346F}.Debug|Any CPU.Build.0 = Debug|Any CPU
		{583DEB70-E1DA-43BB-93AD-923D8E59346F}.Release|Any CPU.ActiveCfg = Release|Any CPU
		{583DEB70-E1DA-43BB-93AD-923D8E59346F}.Release|Any CPU.Build.0 = Release|Any CPU
		{486A8ECB-0930-4D20-BA82-676E6B841B14}.Debug|Any CPU.ActiveCfg = Debug|Any CPU
		{486A8ECB-0930-4D20-BA82-676E6B841B14}.Debug|Any CPU.Build.0 = Debug|Any CPU
		{486A8ECB-0930-4D20-BA82-676E6B841B14}.Release|Any CPU.ActiveCfg = Release|Any CPU
		{486A8ECB-0930-4D20-BA82-676E6B841B14}.Release|Any CPU.Build.0 = Release|Any CPU
		{1BF980C1-23D8-466D-B731-1768909E7AF0}.Debug|Any CPU.ActiveCfg = Debug|Any CPU
		{1BF980C1-23D8-466D-B731-1768909E7AF0}.Debug|Any CPU.Build.0 = Debug|Any CPU
		{1BF980C1-23D8-466D-B731-1768909E7AF0}.Release|Any CPU.ActiveCfg = Release|Any CPU
		{1BF980C1-23D8-466D-B731-1768909E7AF0}.Release|Any CPU.Build.0 = Release|Any CPU
		{951A59EE-14A0-4EA2-8052-5D2D645F41F8}.Debug|Any CPU.ActiveCfg = Debug|Any CPU
		{951A59EE-14A0-4EA2-8052-5D2D645F41F8}.Debug|Any CPU.Build.0 = Debug|Any CPU
		{951A59EE-14A0-4EA2-8052-5D2D645F41F8}.Release|Any CPU.ActiveCfg = Release|Any CPU
		{951A59EE-14A0-4EA2-8052-5D2D645F41F8}.Release|Any CPU.Build.0 = Release|Any CPU
	EndGlobalSection
	GlobalSection(SolutionProperties) = preSolution
		HideSolutionNode = FALSE
	EndGlobalSection
	GlobalSection(NestedProjects) = preSolution
		{2368D2E0-2811-443F-9DF0-682437DCC024} = {C6FD35E0-0CE0-42DE-9C88-D0C9F2245E15}
		{28E3F301-F6D0-4941-A4A4-43493F85775F} = {C6FD35E0-0CE0-42DE-9C88-D0C9F2245E15}
		{B57ABE1E-C949-42F8-8CA0-18A9722F2FE7} = {2C51AFD6-38BA-485C-891F-6FB1F272BA87}
		{583DEB70-E1DA-43BB-93AD-923D8E59346F} = {2C51AFD6-38BA-485C-891F-6FB1F272BA87}
		{486A8ECB-0930-4D20-BA82-676E6B841B14} = {0CEEE541-38C4-45EE-B04D-A8878CC7088D}
		{1BF980C1-23D8-466D-B731-1768909E7AF0} = {6256B3FC-9B3A-439A-ABAE-A77716813DE9}
		{951A59EE-14A0-4EA2-8052-5D2D645F41F8} = {6256B3FC-9B3A-439A-ABAE-A77716813DE9}
	EndGlobalSection
	GlobalSection(ExtensibilityGlobals) = postSolution
		SolutionGuid = {41CD6EF2-AB35-42F1-9A33-C374C4DD0666}
	EndGlobalSection
EndGlobal
