
Microsoft Visual Studio Solution File, Format Version 12.00
# Visual Studio Version 16
VisualStudioVersion = 16.0.31205.134
MinimumVisualStudioVersion = 10.0.40219.1
Project("{9A19103F-16F7-4668-BE54-9A1E7A4F7556}") = "IteratorCompositeSample", "IteratorCompositeSample\IteratorCompositeSample.csproj", "{874B4000-3BF5-4B2D-A608-5A6554AD3F7B}"
EndProject
Project("{9A19103F-16F7-4668-BE54-9A1E7A4F7556}") = "ChainOnComposite", "ChainOnComposite\ChainOnComposite.csproj", "{19C9B351-D28D-4B5D-81EC-5D4DE5EC2666}"
EndProject
Project("{FAE04EC0-301F-11D3-BF4B-00C04F79EFBC}") = "StrategySample", "StrategySample\StrategySample.csproj", "{EB7C0D10-E4BA-461F-84CE-4E2725868E99}"
EndProject
Project("{9A19103F-16F7-4668-BE54-9A1E7A4F7556}") = "TcpSample", "TcpSample\TcpSample.csproj", "{EB0C99B6-4313-43F7-B035-2EA0959E0B87}"
EndProject
Project("{FAE04EC0-301F-11D3-BF4B-00C04F79EFBC}") = "EventAggregatorSample", "EventAggregatorSample\EventAggregatorSample.csproj", "{57115565-71BF-4BE3-AB21-F32E99867151}"
EndProject
Global
	GlobalSection(SolutionConfigurationPlatforms) = preSolution
		Debug|Any CPU = Debug|Any CPU
		Release|Any CPU = Release|Any CPU
	EndGlobalSection
	GlobalSection(ProjectConfigurationPlatforms) = postSolution
		{874B4000-3BF5-4B2D-A608-5A6554AD3F7B}.Debug|Any CPU.ActiveCfg = Debug|Any CPU
		{874B4000-3BF5-4B2D-A608-5A6554AD3F7B}.Debug|Any CPU.Build.0 = Debug|Any CPU
		{874B4000-3BF5-4B2D-A608-5A6554AD3F7B}.Release|Any CPU.ActiveCfg = Release|Any CPU
		{874B4000-3BF5-4B2D-A608-5A6554AD3F7B}.Release|Any CPU.Build.0 = Release|Any CPU
		{19C9B351-D28D-4B5D-81EC-5D4DE5EC2666}.Debug|Any CPU.ActiveCfg = Debug|Any CPU
		{19C9B351-D28D-4B5D-81EC-5D4DE5EC2666}.Debug|Any CPU.Build.0 = Debug|Any CPU
		{19C9B351-D28D-4B5D-81EC-5D4DE5EC2666}.Release|Any CPU.ActiveCfg = Release|Any CPU
		{19C9B351-D28D-4B5D-81EC-5D4DE5EC2666}.Release|Any CPU.Build.0 = Release|Any CPU
		{EB7C0D10-E4BA-461F-84CE-4E2725868E99}.Debug|Any CPU.ActiveCfg = Debug|Any CPU
		{EB7C0D10-E4BA-461F-84CE-4E2725868E99}.Debug|Any CPU.Build.0 = Debug|Any CPU
		{EB7C0D10-E4BA-461F-84CE-4E2725868E99}.Release|Any CPU.ActiveCfg = Release|Any CPU
		{EB7C0D10-E4BA-461F-84CE-4E2725868E99}.Release|Any CPU.Build.0 = Release|Any CPU
		{EB0C99B6-4313-43F7-B035-2EA0959E0B87}.Debug|Any CPU.ActiveCfg = Debug|Any CPU
		{EB0C99B6-4313-43F7-B035-2EA0959E0B87}.Debug|Any CPU.Build.0 = Debug|Any CPU
		{EB0C99B6-4313-43F7-B035-2EA0959E0B87}.Release|Any CPU.ActiveCfg = Release|Any CPU
		{EB0C99B6-4313-43F7-B035-2EA0959E0B87}.Release|Any CPU.Build.0 = Release|Any CPU
		{57115565-71BF-4BE3-AB21-F32E99867151}.Debug|Any CPU.ActiveCfg = Debug|Any CPU
		{57115565-71BF-4BE3-AB21-F32E99867151}.Debug|Any CPU.Build.0 = Debug|Any CPU
		{57115565-71BF-4BE3-AB21-F32E99867151}.Release|Any CPU.ActiveCfg = Release|Any CPU
		{57115565-71BF-4BE3-AB21-F32E99867151}.Release|Any CPU.Build.0 = Release|Any CPU
	EndGlobalSection
	GlobalSection(SolutionProperties) = preSolution
		HideSolutionNode = FALSE
	EndGlobalSection
	GlobalSection(ExtensibilityGlobals) = postSolution
		SolutionGuid = {04F565D1-E5CC-4680-B0DD-CE01E4C1BE76}
	EndGlobalSection
EndGlobal
